
Microsoft Visual Studio Solution File, Format Version 12.00
# Visual Studio Version 16
VisualStudioVersion = 16.0.31729.503
MinimumVisualStudioVersion = 10.0.40219.1
Project("{FAE04EC0-301F-11D3-BF4B-00C04F79EFBC}") = "ObjectOrientedPrograms", "ObjectOrientedPrograms.csproj", "{CDA7F43B-DF25-41B5-85E1-C30D3B6B9701}"
EndProject
Global
	GlobalSection(SolutionConfigurationPlatforms) = preSolution
		Debug|Any CPU = Debug|Any CPU
		Release|Any CPU = Release|Any CPU
	EndGlobalSection
	GlobalSection(ProjectConfigurationPlatforms) = postSolution
		{CDA7F43B-DF25-41B5-85E1-C30D3B6B9701}.Debug|Any CPU.ActiveCfg = Debug|Any CPU
		{CDA7F43B-DF25-41B5-85E1-C30D3B6B9701}.Debug|Any CPU.Build.0 = Debug|Any CPU
		{CDA7F43B-DF25-41B5-85E1-C30D3B6B9701}.Release|Any CPU.ActiveCfg = Release|Any CPU
		{CDA7F43B-DF25-41B5-85E1-C30D3B6B9701}.Release|Any CPU.Build.0 = Release|Any CPU
	EndGlobalSection
	GlobalSection(SolutionProperties) = preSolution
		HideSolutionNode = FALSE
	EndGlobalSection
	GlobalSection(ExtensibilityGlobals) = postSolution
		SolutionGuid = {0E47358A-6F77-428F-8A31-DA0BBD5EBB6C}
	EndGlobalSection
EndGlobal
